
Microsoft Visual Studio Solution File, Format Version 12.00
# Visual Studio Version 17
VisualStudioVersion = 17.3.32901.215
MinimumVisualStudioVersion = 10.0.40219.1
Project("{9A19103F-16F7-4668-BE54-9A1E7A4F7556}") = "CalculateAreaFigure", "CalculateAreaFigure\CalculateAreaFigure.csproj", "{200034C0-4C46-4727-9DE5-5DD1668A8BB8}"
EndProject
Project("{9A19103F-16F7-4668-BE54-9A1E7A4F7556}") = "AreaCalculatorLibrary", "AreaCalculatorLibrary\AreaCalculatorLibrary.csproj", "{BC866A50-B217-4A46-9AA4-0BCF343102BF}"
EndProject
Project("{9A19103F-16F7-4668-BE54-9A1E7A4F7556}") = "CalculateAreaImplementation.Tests", "CalculateAreaImplementation.Tests\CalculateAreaImplementation.Tests.csproj", "{AE9F59C6-DB84-426A-BD10-63CB2ED7A0F0}"
EndProject
Global
	GlobalSection(SolutionConfigurationPlatforms) = preSolution
		Debug|Any CPU = Debug|Any CPU
		Release|Any CPU = Release|Any CPU
	EndGlobalSection
	GlobalSection(ProjectConfigurationPlatforms) = postSolution
		{200034C0-4C46-4727-9DE5-5DD1668A8BB8}.Debug|Any CPU.ActiveCfg = Debug|Any CPU
		{200034C0-4C46-4727-9DE5-5DD1668A8BB8}.Debug|Any CPU.Build.0 = Debug|Any CPU
		{200034C0-4C46-4727-9DE5-5DD1668A8BB8}.Release|Any CPU.ActiveCfg = Release|Any CPU
		{200034C0-4C46-4727-9DE5-5DD1668A8BB8}.Release|Any CPU.Build.0 = Release|Any CPU
		{BC866A50-B217-4A46-9AA4-0BCF343102BF}.Debug|Any CPU.ActiveCfg = Debug|Any CPU
		{BC866A50-B217-4A46-9AA4-0BCF343102BF}.Debug|Any CPU.Build.0 = Debug|Any CPU
		{BC866A50-B217-4A46-9AA4-0BCF343102BF}.Release|Any CPU.ActiveCfg = Release|Any CPU
		{BC866A50-B217-4A46-9AA4-0BCF343102BF}.Release|Any CPU.Build.0 = Release|Any CPU
		{AE9F59C6-DB84-426A-BD10-63CB2ED7A0F0}.Debug|Any CPU.ActiveCfg = Debug|Any CPU
		{AE9F59C6-DB84-426A-BD10-63CB2ED7A0F0}.Debug|Any CPU.Build.0 = Debug|Any CPU
		{AE9F59C6-DB84-426A-BD10-63CB2ED7A0F0}.Release|Any CPU.ActiveCfg = Release|Any CPU
		{AE9F59C6-DB84-426A-BD10-63CB2ED7A0F0}.Release|Any CPU.Build.0 = Release|Any CPU
	EndGlobalSection
	GlobalSection(SolutionProperties) = preSolution
		HideSolutionNode = FALSE
	EndGlobalSection
	GlobalSection(ExtensibilityGlobals) = postSolution
		SolutionGuid = {4D0F238C-2DB9-40DD-85C1-DEF08E7C020B}
	EndGlobalSection
EndGlobal
